
Microsoft Visual Studio Solution File, Format Version 11.00
# Visual Studio 2010
Project("{FAE04EC0-301F-11D3-BF4B-00C04F79EFBC}") = "Assembly-CSharp", "Assembly-CSharp.csproj", "{16EDD3E9-F18E-6F8E-F3D7-99DFECD75586}"
EndProject
Project("{FAE04EC0-301F-11D3-BF4B-00C04F79EFBC}") = "Assembly-CSharp-Editor", "Assembly-CSharp-Editor.csproj", "{7DA8068B-D558-AF4D-F8E9-93F19A1A60BA}"
EndProject
Global
	GlobalSection(SolutionConfigurationPlatforms) = preSolution
		Debug|Any CPU = Debug|Any CPU
		Release|Any CPU = Release|Any CPU
	EndGlobalSection
	GlobalSection(ProjectConfigurationPlatforms) = postSolution
		{16EDD3E9-F18E-6F8E-F3D7-99DFECD75586}.Debug|Any CPU.ActiveCfg = Debug|Any CPU
		{16EDD3E9-F18E-6F8E-F3D7-99DFECD75586}.Debug|Any CPU.Build.0 = Debug|Any CPU
		{16EDD3E9-F18E-6F8E-F3D7-99DFECD75586}.Release|Any CPU.ActiveCfg = Release|Any CPU
		{16EDD3E9-F18E-6F8E-F3D7-99DFECD75586}.Release|Any CPU.Build.0 = Release|Any CPU
		{7DA8068B-D558-AF4D-F8E9-93F19A1A60BA}.Debug|Any CPU.ActiveCfg = Debug|Any CPU
		{7DA8068B-D558-AF4D-F8E9-93F19A1A60BA}.Debug|Any CPU.Build.0 = Debug|Any CPU
		{7DA8068B-D558-AF4D-F8E9-93F19A1A60BA}.Release|Any CPU.ActiveCfg = Release|Any CPU
		{7DA8068B-D558-AF4D-F8E9-93F19A1A60BA}.Release|Any CPU.Build.0 = Release|Any CPU
	EndGlobalSection
	GlobalSection(SolutionProperties) = preSolution
		HideSolutionNode = FALSE
	EndGlobalSection
EndGlobal
